{
  "name": "github-spectral-comment",
  "version": "1.0.0",
  "lockfileVersion": 3,
  "requires": true,
  "packages": {
    "": {
      "name": "github-spectral-comment",
      "version": "1.0.0",
      "license": "ISC",
      "dependencies": {
        "@actions/core": "^1.11.1",
        "@actions/github": "^6.0.0",
        "@stoplight/spectral-core": "^1.19.1",
        "@stoplight/spectral-parsers": "^1.0.5",
        "@stoplight/spectral-ref-resolver": "^1.0.5",
        "@stoplight/spectral-ruleset-bundler": "^1.6.0",
        "@stoplight/spectral-runtime": "^1.1.3"
      },
      "devDependencies": {
        "typescript": "^4.9.5"
      }
    },
    "../../node_modules/.pnpm/@actions+core@1.11.1/node_modules/@actions/core": {
      "version": "1.11.1",
      "license": "MIT",
      "dependencies": {
        "@actions/exec": "^1.1.1",
        "@actions/http-client": "^2.0.1"
      },
      "devDependencies": {
        "@types/node": "^16.18.112"
      }
    },
    "../../node_modules/.pnpm/@actions+github@6.0.0/node_modules/@actions/github": {
      "version": "6.0.0",
      "license": "MIT",
      "dependencies": {
        "@actions/http-client": "^2.2.0",
        "@octokit/core": "^5.0.1",
        "@octokit/plugin-paginate-rest": "^9.0.0",
        "@octokit/plugin-rest-endpoint-methods": "^10.0.0"
      },
      "devDependencies": {
        "proxy": "^2.1.1"
      }
    },
    "../../node_modules/.pnpm/@stoplight+spectral-core@1.19.4/node_modules/@stoplight/spectral-core": {
      "version": "1.19.4",
      "license": "Apache-2.0",
      "dependencies": {
        "@stoplight/better-ajv-errors": "1.0.3",
        "@stoplight/json": "~3.21.0",
        "@stoplight/path": "1.3.2",
        "@stoplight/spectral-parsers": "^1.0.0",
        "@stoplight/spectral-ref-resolver": "^1.0.4",
        "@stoplight/spectral-runtime": "^1.1.2",
        "@stoplight/types": "~13.6.0",
        "@types/es-aggregate-error": "^1.0.2",
        "@types/json-schema": "^7.0.11",
        "ajv": "^8.17.1",
        "ajv-errors": "~3.0.0",
        "ajv-formats": "~2.1.0",
        "es-aggregate-error": "^1.0.7",
        "jsonpath-plus": "10.2.0",
        "lodash": "~4.17.21",
        "lodash.topath": "^4.5.2",
        "minimatch": "3.1.2",
        "nimma": "0.2.3",
        "pony-cause": "^1.1.1",
        "simple-eval": "1.0.1",
        "tslib": "^2.8.1"
      },
      "devDependencies": {
        "@stoplight/spectral-formats": "^1.8.1",
        "@stoplight/spectral-functions": "*",
        "@stoplight/spectral-parsers": "*",
        "@stoplight/yaml": "^4.2.2",
        "@types/minimatch": "^3.0.5",
        "@types/treeify": "^1.0.0",
        "nock": "^13.5.4",
        "treeify": "^1.1.0"
      },
      "engines": {
        "node": "^16.20 || ^18.18 || >= 20.17"
      }
    },
    "../../node_modules/.pnpm/@stoplight+spectral-parsers@1.0.5/node_modules/@stoplight/spectral-parsers": {
      "version": "1.0.5",
      "license": "Apache-2.0",
      "dependencies": {
        "@stoplight/json": "~3.21.0",
        "@stoplight/types": "^14.1.1",
        "@stoplight/yaml": "~4.3.0",
        "tslib": "^2.8.1"
      },
      "engines": {
        "node": "^16.20 || ^18.18 || >= 20.17"
      }
    },
    "../../node_modules/.pnpm/@stoplight+spectral-ref-resolver@1.0.5/node_modules/@stoplight/spectral-ref-resolver": {
      "version": "1.0.5",
      "license": "Apache-2.0",
      "dependencies": {
        "@stoplight/json-ref-readers": "1.2.2",
        "@stoplight/json-ref-resolver": "~3.1.6",
        "@stoplight/spectral-runtime": "^1.1.2",
        "dependency-graph": "0.11.0",
        "tslib": "^2.8.1"
      },
      "engines": {
        "node": "^16.20 || ^18.18 || >= 20.17"
      }
    },
    "../../node_modules/.pnpm/@stoplight+spectral-ruleset-bundler@1.6.1/node_modules/@stoplight/spectral-ruleset-bundler": {
      "version": "1.6.1",
      "license": "Apache-2.0",
      "dependencies": {
        "@rollup/plugin-commonjs": "~22.0.2",
        "@stoplight/path": "1.3.2",
        "@stoplight/spectral-core": ">=1",
        "@stoplight/spectral-formats": "^1.8.1",
        "@stoplight/spectral-functions": ">=1",
        "@stoplight/spectral-parsers": ">=1",
        "@stoplight/spectral-ref-resolver": "^1.0.4",
        "@stoplight/spectral-ruleset-migrator": "^1.9.6",
        "@stoplight/spectral-rulesets": ">=1",
        "@stoplight/spectral-runtime": "^1.1.2",
        "@stoplight/types": "^13.6.0",
        "@types/node": "*",
        "pony-cause": "1.1.1",
        "rollup": "~2.79.2",
        "tslib": "^2.8.1",
        "validate-npm-package-name": "3.0.0"
      },
      "devDependencies": {
        "@types/validate-npm-package-name": "^3.0.3",
        "fetch-mock": "^9.11.0",
        "memfs": "^3.3.0",
        "prettier": "^2.4.1"
      },
      "engines": {
        "node": "^16.20 || ^18.18 || >= 20.17"
      }
    },
    "../../node_modules/.pnpm/@stoplight+spectral-runtime@1.1.3/node_modules/@stoplight/spectral-runtime": {
      "version": "1.1.3",
      "license": "Apache-2.0",
      "dependencies": {
        "@stoplight/json": "^3.20.1",
        "@stoplight/path": "^1.3.2",
        "@stoplight/types": "^13.6.0",
        "abort-controller": "^3.0.0",
        "lodash": "^4.17.21",
        "node-fetch": "^2.6.7",
        "tslib": "^2.8.1"
      },
      "engines": {
        "node": "^16.20 || ^18.18 || >= 20.17"
      }
    },
    "../../node_modules/.pnpm/typescript@4.9.5/node_modules/typescript": {
      "version": "4.9.5",
      "dev": true,
      "license": "Apache-2.0",
      "bin": {
        "tsc": "bin/tsc",
        "tsserver": "bin/tsserver"
      },
      "devDependencies": {
        "@octokit/rest": "latest",
        "@types/chai": "latest",
        "@types/fancy-log": "^2.0.0",
        "@types/fs-extra": "^9.0.13",
        "@types/glob": "latest",
        "@types/gulp": "^4.0.9",
        "@types/gulp-concat": "latest",
        "@types/gulp-newer": "latest",
        "@types/gulp-rename": "latest",
        "@types/gulp-sourcemaps": "latest",
        "@types/merge2": "latest",
        "@types/microsoft__typescript-etw": "latest",
        "@types/minimist": "latest",
        "@types/mkdirp": "latest",
        "@types/mocha": "latest",
        "@types/ms": "latest",
        "@types/node": "latest",
        "@types/source-map-support": "latest",
        "@types/which": "^2.0.1",
        "@types/xml2js": "^0.4.11",
        "@typescript-eslint/eslint-plugin": "^5.33.1",
        "@typescript-eslint/parser": "^5.33.1",
        "@typescript-eslint/utils": "^5.33.1",
        "azure-devops-node-api": "^11.2.0",
        "chai": "latest",
        "chalk": "^4.1.2",
        "del": "^6.1.1",
        "diff": "^5.1.0",
        "eslint": "^8.22.0",
        "eslint-formatter-autolinkable-stylish": "^1.2.0",
        "eslint-plugin-import": "^2.26.0",
        "eslint-plugin-jsdoc": "^39.3.6",
        "eslint-plugin-local": "^1.0.0",
        "eslint-plugin-no-null": "^1.0.2",
        "fancy-log": "latest",
        "fs-extra": "^9.1.0",
        "glob": "latest",
        "gulp": "^4.0.2",
        "gulp-concat": "latest",
        "gulp-insert": "latest",
        "gulp-newer": "latest",
        "gulp-rename": "latest",
        "gulp-sourcemaps": "latest",
        "merge2": "latest",
        "minimist": "latest",
        "mkdirp": "latest",
        "mocha": "latest",
        "mocha-fivemat-progress-reporter": "latest",
        "ms": "^2.1.3",
        "node-fetch": "^3.2.10",
        "source-map-support": "latest",
        "typescript": "^4.8.4",
        "vinyl": "latest",
        "which": "^2.0.2",
        "xml2js": "^0.4.23"
      },
      "engines": {
        "node": ">=4.2.0"
      }
    },
    "node_modules/@actions/core": {
      "resolved": "../../node_modules/.pnpm/@actions+core@1.11.1/node_modules/@actions/core",
      "link": true
    },
    "node_modules/@actions/github": {
      "resolved": "../../node_modules/.pnpm/@actions+github@6.0.0/node_modules/@actions/github",
      "link": true
    },
    "node_modules/@stoplight/spectral-core": {
      "resolved": "../../node_modules/.pnpm/@stoplight+spectral-core@1.19.4/node_modules/@stoplight/spectral-core",
      "link": true
    },
    "node_modules/@stoplight/spectral-parsers": {
      "resolved": "../../node_modules/.pnpm/@stoplight+spectral-parsers@1.0.5/node_modules/@stoplight/spectral-parsers",
      "link": true
    },
    "node_modules/@stoplight/spectral-ref-resolver": {
      "resolved": "../../node_modules/.pnpm/@stoplight+spectral-ref-resolver@1.0.5/node_modules/@stoplight/spectral-ref-resolver",
      "link": true
    },
    "node_modules/@stoplight/spectral-ruleset-bundler": {
      "resolved": "../../node_modules/.pnpm/@stoplight+spectral-ruleset-bundler@1.6.1/node_modules/@stoplight/spectral-ruleset-bundler",
      "link": true
    },
    "node_modules/@stoplight/spectral-runtime": {
      "resolved": "../../node_modules/.pnpm/@stoplight+spectral-runtime@1.1.3/node_modules/@stoplight/spectral-runtime",
      "link": true
    },
    "node_modules/typescript": {
      "resolved": "../../node_modules/.pnpm/typescript@4.9.5/node_modules/typescript",
      "link": true
    }
  }
}
